
Microsoft Visual Studio Solution File, Format Version 12.00
# Visual Studio Version 17
VisualStudioVersion = 17.8.34511.84
MinimumVisualStudioVersion = 10.0.40219.1
Project("{FAE04EC0-301F-11D3-BF4B-00C04F79EFBC}") = "stutvds", "stutvds.csproj", "{D1385831-24B1-49B0-8B76-CD11C7800964}"
EndProject
Global
	GlobalSection(SolutionConfigurationPlatforms) = preSolution
		Debug|Any CPU = Debug|Any CPU
		Release|Any CPU = Release|Any CPU
	EndGlobalSection
	GlobalSection(ProjectConfigurationPlatforms) = postSolution
		{D1385831-24B1-49B0-8B76-CD11C7800964}.Debug|Any CPU.ActiveCfg = Debug|Any CPU
		{D1385831-24B1-49B0-8B76-CD11C7800964}.Debug|Any CPU.Build.0 = Debug|Any CPU
		{D1385831-24B1-49B0-8B76-CD11C7800964}.Release|Any CPU.ActiveCfg = Release|Any CPU
		{D1385831-24B1-49B0-8B76-CD11C7800964}.Release|Any CPU.Build.0 = Release|Any CPU
	EndGlobalSection
	GlobalSection(SolutionProperties) = preSolution
		HideSolutionNode = FALSE
	EndGlobalSection
	GlobalSection(ExtensibilityGlobals) = postSolution
		SolutionGuid = {22A473D5-C8C4-4475-8C6E-A63E21878F4C}
	EndGlobalSection
EndGlobal
