
Microsoft Visual Studio Solution File, Format Version 12.00
# Visual Studio Version 17
VisualStudioVersion = 17.8.34511.84
MinimumVisualStudioVersion = 10.0.40219.1
Project("{9A19103F-16F7-4668-BE54-9A1E7A4F7556}") = "stutvds", "stutvds.csproj", "{D1385831-24B1-49B0-8B76-CD11C7800964}"
EndProject
Project("{9A19103F-16F7-4668-BE54-9A1E7A4F7556}") = "stutvds.Logic", "..\stutvds.Logic\stutvds.Logic.csproj", "{0129E364-CF2B-4DE4-B1A0-E2F518A88056}"
EndProject
Project("{FAE04EC0-301F-11D3-BF4B-00C04F79EFBC}") = "stutvds.DAL", "..\stutvds.DAL\stutvds.DAL.csproj", "{538D8975-7265-439C-9579-C49212AE129A}"
EndProject
Global
	GlobalSection(SolutionConfigurationPlatforms) = preSolution
		Debug|Any CPU = Debug|Any CPU
		Release|Any CPU = Release|Any CPU
	EndGlobalSection
	GlobalSection(ProjectConfigurationPlatforms) = postSolution
		{D1385831-24B1-49B0-8B76-CD11C7800964}.Debug|Any CPU.ActiveCfg = Debug|Any CPU
		{D1385831-24B1-49B0-8B76-CD11C7800964}.Debug|Any CPU.Build.0 = Debug|Any CPU
		{D1385831-24B1-49B0-8B76-CD11C7800964}.Release|Any CPU.ActiveCfg = Release|Any CPU
		{D1385831-24B1-49B0-8B76-CD11C7800964}.Release|Any CPU.Build.0 = Release|Any CPU
		{0129E364-CF2B-4DE4-B1A0-E2F518A88056}.Debug|Any CPU.ActiveCfg = Debug|Any CPU
		{0129E364-CF2B-4DE4-B1A0-E2F518A88056}.Debug|Any CPU.Build.0 = Debug|Any CPU
		{0129E364-CF2B-4DE4-B1A0-E2F518A88056}.Release|Any CPU.ActiveCfg = Release|Any CPU
		{0129E364-CF2B-4DE4-B1A0-E2F518A88056}.Release|Any CPU.Build.0 = Release|Any CPU
		{538D8975-7265-439C-9579-C49212AE129A}.Debug|Any CPU.ActiveCfg = Debug|Any CPU
		{538D8975-7265-439C-9579-C49212AE129A}.Debug|Any CPU.Build.0 = Debug|Any CPU
		{538D8975-7265-439C-9579-C49212AE129A}.Release|Any CPU.ActiveCfg = Release|Any CPU
		{538D8975-7265-439C-9579-C49212AE129A}.Release|Any CPU.Build.0 = Release|Any CPU
	EndGlobalSection
	GlobalSection(SolutionProperties) = preSolution
		HideSolutionNode = FALSE
	EndGlobalSection
	GlobalSection(ExtensibilityGlobals) = postSolution
		SolutionGuid = {22A473D5-C8C4-4475-8C6E-A63E21878F4C}
	EndGlobalSection
EndGlobal
